// !$*UTF8*$!
{
	archiveVersion = 1;
	classes = {
	};
	objectVersion = 50;
	objects = {

/* Begin PBXBuildFile section */
		8009194A242F0D07003AAE5B /* AppDelegate.swift in Sources */ = {isa = PBXBuildFile; fileRef = 80091949242F0D07003AAE5B /* AppDelegate.swift */; };
		8009194C242F0D07003AAE5B /* ViewController.swift in Sources */ = {isa = PBXBuildFile; fileRef = 8009194B242F0D07003AAE5B /* ViewController.swift */; };
		8009194F242F0D07003AAE5B /* Main.storyboard in Resources */ = {isa = PBXBuildFile; fileRef = 8009194D242F0D07003AAE5B /* Main.storyboard */; };
		80091951242F0D08003AAE5B /* Assets.xcassets in Resources */ = {isa = PBXBuildFile; fileRef = 80091950242F0D08003AAE5B /* Assets.xcassets */; };
		80091954242F0D08003AAE5B /* LaunchScreen.storyboard in Resources */ = {isa = PBXBuildFile; fileRef = 80091952242F0D08003AAE5B /* LaunchScreen.storyboard */; };
		8009195F242F0D08003AAE5B /* RestaurantsTests.swift in Sources */ = {isa = PBXBuildFile; fileRef = 8009195E242F0D08003AAE5B /* RestaurantsTests.swift */; };
/* End PBXBuildFile section */

/* Begin PBXContainerItemProxy section */
		8009195B242F0D08003AAE5B /* PBXContainerItemProxy */ = {
			isa = PBXContainerItemProxy;
			containerPortal = 8009193E242F0D07003AAE5B /* Project object */;
			proxyType = 1;
			remoteGlobalIDString = 80091945242F0D07003AAE5B;
			remoteInfo = Restaurants;
		};
/* End PBXContainerItemProxy section */

/* Begin PBXFileReference section */
		80091946242F0D07003AAE5B /* Restaurants.app */ = {isa = PBXFileReference; explicitFileType = wrapper.application; includeInIndex = 0; path = Restaurants.app; sourceTree = BUILT_PRODUCTS_DIR; };
		80091949242F0D07003AAE5B /* AppDelegate.swift */ = {isa = PBXFileReference; lastKnownFileType = sourcecode.swift; path = AppDelegate.swift; sourceTree = "<group>"; };
		8009194B242F0D07003AAE5B /* ViewController.swift */ = {isa = PBXFileReference; lastKnownFileType = sourcecode.swift; path = ViewController.swift; sourceTree = "<group>"; };
		8009194E242F0D07003AAE5B /* Base */ = {isa = PBXFileReference; lastKnownFileType = file.storyboard; name = Base; path = Base.lproj/Main.storyboard; sourceTree = "<group>"; };
		80091950242F0D08003AAE5B /* Assets.xcassets */ = {isa = PBXFileReference; lastKnownFileType = folder.assetcatalog; path = Assets.xcassets; sourceTree = "<group>"; };
		80091953242F0D08003AAE5B /* Base */ = {isa = PBXFileReference; lastKnownFileType = file.storyboard; name = Base; path = Base.lproj/LaunchScreen.storyboard; sourceTree = "<group>"; };
		80091955242F0D08003AAE5B /* Info.plist */ = {isa = PBXFileReference; lastKnownFileType = text.plist.xml; path = Info.plist; sourceTree = "<group>"; };
		8009195A242F0D08003AAE5B /* RestaurantsTests.xctest */ = {isa = PBXFileReference; explicitFileType = wrapper.cfbundle; includeInIndex = 0; path = RestaurantsTests.xctest; sourceTree = BUILT_PRODUCTS_DIR; };
		8009195E242F0D08003AAE5B /* RestaurantsTests.swift */ = {isa = PBXFileReference; lastKnownFileType = sourcecode.swift; path = RestaurantsTests.swift; sourceTree = "<group>"; };
		80091960242F0D08003AAE5B /* Info.plist */ = {isa = PBXFileReference; lastKnownFileType = text.plist.xml; path = Info.plist; sourceTree = "<group>"; };
/* End PBXFileReference section */

/* Begin PBXFrameworksBuildPhase section */
		80091943242F0D07003AAE5B /* Frameworks */ = {
			isa = PBXFrameworksBuildPhase;
			buildActionMask = 2147483647;
			files = (
			);
			runOnlyForDeploymentPostprocessing = 0;
		};
		80091957242F0D08003AAE5B /* Frameworks */ = {
			isa = PBXFrameworksBuildPhase;
			buildActionMask = 2147483647;
			files = (
			);
			runOnlyForDeploymentPostprocessing = 0;
		};
/* End PBXFrameworksBuildPhase section */

/* Begin PBXGroup section */
		8009193D242F0D07003AAE5B = {
			isa = PBXGroup;
			children = (
				80091948242F0D07003AAE5B /* Restaurants */,
				8009195D242F0D08003AAE5B /* RestaurantsTests */,
				80091947242F0D07003AAE5B /* Products */,
			);
			sourceTree = "<group>";
		};
		80091947242F0D07003AAE5B /* Products */ = {
			isa = PBXGroup;
			children = (
				80091946242F0D07003AAE5B /* Restaurants.app */,
				8009195A242F0D08003AAE5B /* RestaurantsTests.xctest */,
			);
			name = Products;
			sourceTree = "<group>";
		};
		80091948242F0D07003AAE5B /* Restaurants */ = {
			isa = PBXGroup;
			children = (
				80091949242F0D07003AAE5B /* AppDelegate.swift */,
				8009194B242F0D07003AAE5B /* ViewController.swift */,
				8009194D242F0D07003AAE5B /* Main.storyboard */,
				80091950242F0D08003AAE5B /* Assets.xcassets */,
				80091952242F0D08003AAE5B /* LaunchScreen.storyboard */,
				80091955242F0D08003AAE5B /* Info.plist */,
			);
			path = Restaurants;
			sourceTree = "<group>";
		};
		8009195D242F0D08003AAE5B /* RestaurantsTests */ = {
			isa = PBXGroup;
			children = (
				8009195E242F0D08003AAE5B /* RestaurantsTests.swift */,
				80091960242F0D08003AAE5B /* Info.plist */,
			);
			path = RestaurantsTests;
			sourceTree = "<group>";
		};
/* End PBXGroup section */

/* Begin PBXNativeTarget section */
		80091945242F0D07003AAE5B /* Restaurants */ = {
			isa = PBXNativeTarget;
			buildConfigurationList = 80091963242F0D08003AAE5B /* Build configuration list for PBXNativeTarget "Restaurants" */;
			buildPhases = (
				80091942242F0D07003AAE5B /* Sources */,
				80091943242F0D07003AAE5B /* Frameworks */,
				80091944242F0D07003AAE5B /* Resources */,
			);
			buildRules = (
			);
			dependencies = (
			);
			name = Restaurants;
			productName = Restaurants;
			productReference = 80091946242F0D07003AAE5B /* Restaurants.app */;
			productType = "com.apple.product-type.application";
		};
		80091959242F0D08003AAE5B /* RestaurantsTests */ = {
			isa = PBXNativeTarget;
			buildConfigurationList = 80091966242F0D08003AAE5B /* Build configuration list for PBXNativeTarget "RestaurantsTests" */;
			buildPhases = (
				80091956242F0D08003AAE5B /* Sources */,
				80091957242F0D08003AAE5B /* Frameworks */,
				80091958242F0D08003AAE5B /* Resources */,
			);
			buildRules = (
			);
			dependencies = (
				8009195C242F0D08003AAE5B /* PBXTargetDependency */,
			);
			name = RestaurantsTests;
			productName = RestaurantsTests;
			productReference = 8009195A242F0D08003AAE5B /* RestaurantsTests.xctest */;
			productType = "com.apple.product-type.bundle.unit-test";
		};
/* End PBXNativeTarget section */

/* Begin PBXProject section */
		8009193E242F0D07003AAE5B /* Project object */ = {
			isa = PBXProject;
			attributes = {
				LastSwiftUpdateCheck = 1020;
				LastUpgradeCheck = 1020;
				ORGANIZATIONNAME = "Vivek Gupta";
				TargetAttributes = {
					80091945242F0D07003AAE5B = {
						CreatedOnToolsVersion = 10.2.1;
					};
					80091959242F0D08003AAE5B = {
						CreatedOnToolsVersion = 10.2.1;
						TestTargetID = 80091945242F0D07003AAE5B;
					};
				};
			};
			buildConfigurationList = 80091941242F0D07003AAE5B /* Build configuration list for PBXProject "Restaurants" */;
			compatibilityVersion = "Xcode 9.3";
			developmentRegion = en;
			hasScannedForEncodings = 0;
			knownRegions = (
				en,
				Base,
			);
			mainGroup = 8009193D242F0D07003AAE5B;
			productRefGroup = 80091947242F0D07003AAE5B /* Products */;
			projectDirPath = "";
			projectRoot = "";
			targets = (
				80091945242F0D07003AAE5B /* Restaurants */,
				80091959242F0D08003AAE5B /* RestaurantsTests */,
			);
		};
/* End PBXProject section */

/* Begin PBXResourcesBuildPhase section */
		80091944242F0D07003AAE5B /* Resources */ = {
			isa = PBXResourcesBuildPhase;
			buildActionMask = 2147483647;
			files = (
				80091954242F0D08003AAE5B /* LaunchScreen.storyboard in Resources */,
				80091951242F0D08003AAE5B /* Assets.xcassets in Resources */,
				8009194F242F0D07003AAE5B /* Main.storyboard in Resources */,
			);
			runOnlyForDeploymentPostprocessing = 0;
		};
		80091958242F0D08003AAE5B /* Resources */ = {
			isa = PBXResourcesBuildPhase;
			buildActionMask = 2147483647;
			files = (
			);
			runOnlyForDeploymentPostprocessing = 0;
		};
/* End PBXResourcesBuildPhase section */

/* Begin PBXSourcesBuildPhase section */
		80091942242F0D07003AAE5B /* Sources */ = {
			isa = PBXSourcesBuildPhase;
			buildActionMask = 2147483647;
			files = (
				8009194C242F0D07003AAE5B /* ViewController.swift in Sources */,
				8009194A242F0D07003AAE5B /* AppDelegate.swift in Sources */,
			);
			runOnlyForDeploymentPostprocessing = 0;
		};
		80091956242F0D08003AAE5B /* Sources */ = {
			isa = PBXSourcesBuildPhase;
			buildActionMask = 2147483647;
			files = (
				8009195F242F0D08003AAE5B /* RestaurantsTests.swift in Sources */,
			);
			runOnlyForDeploymentPostprocessing = 0;
		};
/* End PBXSourcesBuildPhase section */

/* Begin PBXTargetDependency section */
		8009195C242F0D08003AAE5B /* PBXTargetDependency */ = {
			isa = PBXTargetDependency;
			target = 80091945242F0D07003AAE5B /* Restaurants */;
			targetProxy = 8009195B242F0D08003AAE5B /* PBXContainerItemProxy */;
		};
/* End PBXTargetDependency section */

/* Begin PBXVariantGroup section */
		8009194D242F0D07003AAE5B /* Main.storyboard */ = {
			isa = PBXVariantGroup;
			children = (
				8009194E242F0D07003AAE5B /* Base */,
			);
			name = Main.storyboard;
			sourceTree = "<group>";
		};
		80091952242F0D08003AAE5B /* LaunchScreen.storyboard */ = {
			isa = PBXVariantGroup;
			children = (
				80091953242F0D08003AAE5B /* Base */,
			);
			name = LaunchScreen.storyboard;
			sourceTree = "<group>";
		};
/* End PBXVariantGroup section */

/* Begin XCBuildConfiguration section */
		80091961242F0D08003AAE5B /* Debug */ = {
			isa = XCBuildConfiguration;
			buildSettings = {
				ALWAYS_SEARCH_USER_PATHS = NO;
				CLANG_ANALYZER_NONNULL = YES;
				CLANG_ANALYZER_NUMBER_OBJECT_CONVERSION = YES_AGGRESSIVE;
				CLANG_CXX_LANGUAGE_STANDARD = "gnu++14";
				CLANG_CXX_LIBRARY = "libc++";
				CLANG_ENABLE_MODULES = YES;
				CLANG_ENABLE_OBJC_ARC = YES;
				CLANG_ENABLE_OBJC_WEAK = YES;
				CLANG_WARN_BLOCK_CAPTURE_AUTORELEASING = YES;
				CLANG_WARN_BOOL_CONVERSION = YES;
				CLANG_WARN_COMMA = YES;
				CLANG_WARN_CONSTANT_CONVERSION = YES;
				CLANG_WARN_DEPRECATED_OBJC_IMPLEMENTATIONS = YES;
				CLANG_WARN_DIRECT_OBJC_ISA_USAGE = YES_ERROR;
				CLANG_WARN_DOCUMENTATION_COMMENTS = YES;
				CLANG_WARN_EMPTY_BODY = YES;
				CLANG_WARN_ENUM_CONVERSION = YES;
				CLANG_WARN_INFINITE_RECURSION = YES;
				CLANG_WARN_INT_CONVERSION = YES;
				CLANG_WARN_NON_LITERAL_NULL_CONVERSION = YES;
				CLANG_WARN_OBJC_IMPLICIT_RETAIN_SELF = YES;
				CLANG_WARN_OBJC_LITERAL_CONVERSION = YES;
				CLANG_WARN_OBJC_ROOT_CLASS = YES_ERROR;
				CLANG_WARN_RANGE_LOOP_ANALYSIS = YES;
				CLANG_WARN_STRICT_PROTOTYPES = YES;
				CLANG_WARN_SUSPICIOUS_MOVE = YES;
				CLANG_WARN_UNGUARDED_AVAILABILITY = YES_AGGRESSIVE;
				CLANG_WARN_UNREACHABLE_CODE = YES;
				CLANG_WARN__DUPLICATE_METHOD_MATCH = YES;
				CODE_SIGN_IDENTITY = "iPhone Developer";
				COPY_PHASE_STRIP = NO;
				DEBUG_INFORMATION_FORMAT = dwarf;
				ENABLE_STRICT_OBJC_MSGSEND = YES;
				ENABLE_TESTABILITY = YES;
				GCC_C_LANGUAGE_STANDARD = gnu11;
				GCC_DYNAMIC_NO_PIC = NO;
				GCC_NO_COMMON_BLOCKS = YES;
				GCC_OPTIMIZATION_LEVEL = 0;
				GCC_PREPROCESSOR_DEFINITIONS = (
					"DEBUG=1",
					"$(inherited)",
				);
				GCC_WARN_64_TO_32_BIT_CONVERSION = YES;
				GCC_WARN_ABOUT_RETURN_TYPE = YES_ERROR;
				GCC_WARN_UNDECLARED_SELECTOR = YES;
				GCC_WARN_UNINITIALIZED_AUTOS = YES_AGGRESSIVE;
				GCC_WARN_UNUSED_FUNCTION = YES;
				GCC_WARN_UNUSED_VARIABLE = YES;
				IPHONEOS_DEPLOYMENT_TARGET = 12.2;
				MTL_ENABLE_DEBUG_INFO = INCLUDE_SOURCE;
				MTL_FAST_MATH = YES;
				ONLY_ACTIVE_ARCH = YES;
				SDKROOT = iphoneos;
				SWIFT_ACTIVE_COMPILATION_CONDITIONS = DEBUG;
				SWIFT_OPTIMIZATION_LEVEL = "-Onone";
			};
			name = Debug;
		};
		80091962242F0D08003AAE5B /* Release */ = {
			isa = XCBuildConfiguration;
			buildSettings = {
				ALWAYS_SEARCH_USER_PATHS = NO;
				CLANG_ANALYZER_NONNULL = YES;
				CLANG_ANALYZER_NUMBER_OBJECT_CONVERSION = YES_AGGRESSIVE;
				CLANG_CXX_LANGUAGE_STANDARD = "gnu++14";
				CLANG_CXX_LIBRARY = "libc++";
				CLANG_ENABLE_MODULES = YES;
				CLANG_ENABLE_OBJC_ARC = YES;
				CLANG_ENABLE_OBJC_WEAK = YES;
				CLANG_WARN_BLOCK_CAPTURE_AUTORELEASING = YES;
				CLANG_WARN_BOOL_CONVERSION = YES;
				CLANG_WARN_COMMA = YES;
				CLANG_WARN_CONSTANT_CONVERSION = YES;
				CLANG_WARN_DEPRECATED_OBJC_IMPLEMENTATIONS = YES;
				CLANG_WARN_DIRECT_OBJC_ISA_USAGE = YES_ERROR;
				CLANG_WARN_DOCUMENTATION_COMMENTS = YES;
				CLANG_WARN_EMPTY_BODY = YES;
				CLANG_WARN_ENUM_CONVERSION = YES;
				CLANG_WARN_INFINITE_RECURSION = YES;
				CLANG_WARN_INT_CONVERSION = YES;
				CLANG_WARN_NON_LITERAL_NULL_CONVERSION = YES;
				CLANG_WARN_OBJC_IMPLICIT_RETAIN_SELF = YES;
				CLANG_WARN_OBJC_LITERAL_CONVERSION = YES;
				CLANG_WARN_OBJC_ROOT_CLASS = YES_ERROR;
				CLANG_WARN_RANGE_LOOP_ANALYSIS = YES;
				CLANG_WARN_STRICT_PROTOTYPES = YES;
				CLANG_WARN_SUSPICIOUS_MOVE = YES;
				CLANG_WARN_UNGUARDED_AVAILABILITY = YES_AGGRESSIVE;
				CLANG_WARN_UNREACHABLE_CODE = YES;
				CLANG_WARN__DUPLICATE_METHOD_MATCH = YES;
				CODE_SIGN_IDENTITY = "iPhone Developer";
				COPY_PHASE_STRIP = NO;
				DEBUG_INFORMATION_FORMAT = "dwarf-with-dsym";
				ENABLE_NS_ASSERTIONS = NO;
				ENABLE_STRICT_OBJC_MSGSEND = YES;
				GCC_C_LANGUAGE_STANDARD = gnu11;
				GCC_NO_COMMON_BLOCKS = YES;
				GCC_WARN_64_TO_32_BIT_CONVERSION = YES;
				GCC_WARN_ABOUT_RETURN_TYPE = YES_ERROR;
				GCC_WARN_UNDECLARED_SELECTOR = YES;
				GCC_WARN_UNINITIALIZED_AUTOS = YES_AGGRESSIVE;
				GCC_WARN_UNUSED_FUNCTION = YES;
				GCC_WARN_UNUSED_VARIABLE = YES;
				IPHONEOS_DEPLOYMENT_TARGET = 12.2;
				MTL_ENABLE_DEBUG_INFO = NO;
				MTL_FAST_MATH = YES;
				SDKROOT = iphoneos;
				SWIFT_COMPILATION_MODE = wholemodule;
				SWIFT_OPTIMIZATION_LEVEL = "-O";
				VALIDATE_PRODUCT = YES;
			};
			name = Release;
		};
		80091964242F0D08003AAE5B /* Debug */ = {
			isa = XCBuildConfiguration;
			buildSettings = {
				ASSETCATALOG_COMPILER_APPICON_NAME = AppIcon;
				CODE_SIGN_STYLE = Automatic;
				INFOPLIST_FILE = Restaurants/Info.plist;
				LD_RUNPATH_SEARCH_PATHS = (
					"$(inherited)",
					"@executable_path/Frameworks",
				);
				PRODUCT_BUNDLE_IDENTIFIER = com.raweng.sandbox.Restaurants;
				PRODUCT_NAME = "$(TARGET_NAME)";
				SWIFT_VERSION = 5.0;
				TARGETED_DEVICE_FAMILY = "1,2";
			};
			name = Debug;
		};
		80091965242F0D08003AAE5B /* Release */ = {
			isa = XCBuildConfiguration;
			buildSettings = {
				ASSETCATALOG_COMPILER_APPICON_NAME = AppIcon;
				CODE_SIGN_STYLE = Automatic;
				INFOPLIST_FILE = Restaurants/Info.plist;
				LD_RUNPATH_SEARCH_PATHS = (
					"$(inherited)",
					"@executable_path/Frameworks",
				);
				PRODUCT_BUNDLE_IDENTIFIER = com.raweng.sandbox.Restaurants;
				PRODUCT_NAME = "$(TARGET_NAME)";
				SWIFT_VERSION = 5.0;
				TARGETED_DEVICE_FAMILY = "1,2";
			};
			name = Release;
		};
		80091967242F0D08003AAE5B /* Debug */ = {
			isa = XCBuildConfiguration;
			buildSettings = {
				ALWAYS_EMBED_SWIFT_STANDARD_LIBRARIES = YES;
				BUNDLE_LOADER = "$(TEST_HOST)";
				CODE_SIGN_STYLE = Automatic;
				INFOPLIST_FILE = RestaurantsTests/Info.plist;
				LD_RUNPATH_SEARCH_PATHS = (
					"$(inherited)",
					"@executable_path/Frameworks",
					"@loader_path/Frameworks",
				);
				PRODUCT_BUNDLE_IDENTIFIER = com.raweng.sandbox.RestaurantsTests;
				PRODUCT_NAME = "$(TARGET_NAME)";
				SWIFT_VERSION = 5.0;
				TARGETED_DEVICE_FAMILY = "1,2";
				TEST_HOST = "$(BUILT_PRODUCTS_DIR)/Restaurants.app/Restaurants";
			};
			name = Debug;
		};
		80091968242F0D08003AAE5B /* Release */ = {
			isa = XCBuildConfiguration;
			buildSettings = {
				ALWAYS_EMBED_SWIFT_STANDARD_LIBRARIES = YES;
				BUNDLE_LOADER = "$(TEST_HOST)";
				CODE_SIGN_STYLE = Automatic;
				INFOPLIST_FILE = RestaurantsTests/Info.plist;
				LD_RUNPATH_SEARCH_PATHS = (
					"$(inherited)",
					"@executable_path/Frameworks",
					"@loader_path/Frameworks",
				);
				PRODUCT_BUNDLE_IDENTIFIER = com.raweng.sandbox.RestaurantsTests;
				PRODUCT_NAME = "$(TARGET_NAME)";
				SWIFT_VERSION = 5.0;
				TARGETED_DEVICE_FAMILY = "1,2";
				TEST_HOST = "$(BUILT_PRODUCTS_DIR)/Restaurants.app/Restaurants";
			};
			name = Release;
		};
/* End XCBuildConfiguration section */

/* Begin XCConfigurationList section */
		80091941242F0D07003AAE5B /* Build configuration list for PBXProject "Restaurants" */ = {
			isa = XCConfigurationList;
			buildConfigurations = (
				80091961242F0D08003AAE5B /* Debug */,
				80091962242F0D08003AAE5B /* Release */,
			);
			defaultConfigurationIsVisible = 0;
			defaultConfigurationName = Release;
		};
		80091963242F0D08003AAE5B /* Build configuration list for PBXNativeTarget "Restaurants" */ = {
			isa = XCConfigurationList;
			buildConfigurations = (
				80091964242F0D08003AAE5B /* Debug */,
				80091965242F0D08003AAE5B /* Release */,
			);
			defaultConfigurationIsVisible = 0;
			defaultConfigurationName = Release;
		};
		80091966242F0D08003AAE5B /* Build configuration list for PBXNativeTarget "RestaurantsTests" */ = {
			isa = XCConfigurationList;
			buildConfigurations = (
				80091967242F0D08003AAE5B /* Debug */,
				80091968242F0D08003AAE5B /* Release */,
			);
			defaultConfigurationIsVisible = 0;
			defaultConfigurationName = Release;
		};
/* End XCConfigurationList section */
	};
	rootObject = 8009193E242F0D07003AAE5B /* Project object */;
}
