// !$*UTF8*$!
{
	archiveVersion = 1;
	classes = {
	};
	objectVersion = 50;
	objects = {

/* Begin PBXBuildFile section */
		8009194A242F0D07003AAE5B /* AppDelegate.swift in Sources */ = {isa = PBXBuildFile; fileRef = 80091949242F0D07003AAE5B /* AppDelegate.swift */; };
		8009194C242F0D07003AAE5B /* HomeViewController.swift in Sources */ = {isa = PBXBuildFile; fileRef = 8009194B242F0D07003AAE5B /* HomeViewController.swift */; };
		8009194F242F0D07003AAE5B /* Main.storyboard in Resources */ = {isa = PBXBuildFile; fileRef = 8009194D242F0D07003AAE5B /* Main.storyboard */; };
		80091951242F0D08003AAE5B /* Assets.xcassets in Resources */ = {isa = PBXBuildFile; fileRef = 80091950242F0D08003AAE5B /* Assets.xcassets */; };
		80091954242F0D08003AAE5B /* LaunchScreen.storyboard in Resources */ = {isa = PBXBuildFile; fileRef = 80091952242F0D08003AAE5B /* LaunchScreen.storyboard */; };
		8009195F242F0D08003AAE5B /* RestaurantsTests.swift in Sources */ = {isa = PBXBuildFile; fileRef = 8009195E242F0D08003AAE5B /* RestaurantsTests.swift */; };
		8009196C242F7F23003AAE5B /* SearchViewController.swift in Sources */ = {isa = PBXBuildFile; fileRef = 8009196B242F7F23003AAE5B /* SearchViewController.swift */; };
		80091973242F8930003AAE5B /* LocationSearchable.swift in Sources */ = {isa = PBXBuildFile; fileRef = 80091972242F8930003AAE5B /* LocationSearchable.swift */; };
		80EA61AD24323013006420F7 /* UITableView+Extensions.swift in Sources */ = {isa = PBXBuildFile; fileRef = 80EA61AC24323013006420F7 /* UITableView+Extensions.swift */; };
		80EA61B0243235E9006420F7 /* ImageLoadManager.swift in Sources */ = {isa = PBXBuildFile; fileRef = 80EA61AF243235E9006420F7 /* ImageLoadManager.swift */; };
		80EA61B224323632006420F7 /* ImageLoadOperation.swift in Sources */ = {isa = PBXBuildFile; fileRef = 80EA61B124323632006420F7 /* ImageLoadOperation.swift */; };
		80EA61B4243236D8006420F7 /* String+Additions.swift in Sources */ = {isa = PBXBuildFile; fileRef = 80EA61B3243236D8006420F7 /* String+Additions.swift */; };
		80EA61BB2432399A006420F7 /* UIImageView+Extensions.swift in Sources */ = {isa = PBXBuildFile; fileRef = 80EA61BA2432399A006420F7 /* UIImageView+Extensions.swift */; };
		80EC126E2430704D00FD598E /* NibLoadables.swift in Sources */ = {isa = PBXBuildFile; fileRef = 80EC126D2430704D00FD598E /* NibLoadables.swift */; };
		80EC12722430726000FD598E /* LocationTableViewCell.swift in Sources */ = {isa = PBXBuildFile; fileRef = 80EC12702430726000FD598E /* LocationTableViewCell.swift */; };
		80EC12732430726000FD598E /* LocationTableViewCell.xib in Resources */ = {isa = PBXBuildFile; fileRef = 80EC12712430726000FD598E /* LocationTableViewCell.xib */; };
		80EC1275243074D200FD598E /* ViewBindable.swift in Sources */ = {isa = PBXBuildFile; fileRef = 80EC1274243074D200FD598E /* ViewBindable.swift */; };
		80EC12782430767500FD598E /* MKMapItems+Extensions.swift in Sources */ = {isa = PBXBuildFile; fileRef = 80EC12772430767500FD598E /* MKMapItems+Extensions.swift */; };
		80EC127A2430778A00FD598E /* BaseTableViewCell.swift in Sources */ = {isa = PBXBuildFile; fileRef = 80EC12792430778A00FD598E /* BaseTableViewCell.swift */; };
		80EC127C243089B000FD598E /* CurrentLocationHeaderView.swift in Sources */ = {isa = PBXBuildFile; fileRef = 80EC127B243089B000FD598E /* CurrentLocationHeaderView.swift */; };
		80EC127E243089C400FD598E /* CurrentLocationHeaderView.xib in Resources */ = {isa = PBXBuildFile; fileRef = 80EC127D243089C400FD598E /* CurrentLocationHeaderView.xib */; };
		80EC128124308FF600FD598E /* LocationSearchViewModel.swift in Sources */ = {isa = PBXBuildFile; fileRef = 80EC128024308FF600FD598E /* LocationSearchViewModel.swift */; };
		80EC12842430CB6900FD598E /* ZomatoViewModel.swift in Sources */ = {isa = PBXBuildFile; fileRef = 80EC12832430CB6900FD598E /* ZomatoViewModel.swift */; };
		80EC12872430CF3F00FD598E /* NearByRestaurantsResponse.swift in Sources */ = {isa = PBXBuildFile; fileRef = 80EC12862430CF3F00FD598E /* NearByRestaurantsResponse.swift */; };
		80EC12892430D5FD00FD598E /* PageInfo.swift in Sources */ = {isa = PBXBuildFile; fileRef = 80EC12882430D5FD00FD598E /* PageInfo.swift */; };
		80EC128B2430D6C700FD598E /* CollectionChange.swift in Sources */ = {isa = PBXBuildFile; fileRef = 80EC128A2430D6C700FD598E /* CollectionChange.swift */; };
		80EC128E2430D9B600FD598E /* ApiManager.swift in Sources */ = {isa = PBXBuildFile; fileRef = 80EC128D2430D9B600FD598E /* ApiManager.swift */; };
		80EC12902430FC9A00FD598E /* RestaurantViewController.swift in Sources */ = {isa = PBXBuildFile; fileRef = 80EC128F2430FC9A00FD598E /* RestaurantViewController.swift */; };
		80EC12932431019800FD598E /* RestaurantTableViewCell.swift in Sources */ = {isa = PBXBuildFile; fileRef = 80EC12912431019800FD598E /* RestaurantTableViewCell.swift */; };
		80EC12942431019800FD598E /* RestaurantTableViewCell.xib in Resources */ = {isa = PBXBuildFile; fileRef = 80EC12922431019800FD598E /* RestaurantTableViewCell.xib */; };
/* End PBXBuildFile section */

/* Begin PBXContainerItemProxy section */
		8009195B242F0D08003AAE5B /* PBXContainerItemProxy */ = {
			isa = PBXContainerItemProxy;
			containerPortal = 8009193E242F0D07003AAE5B /* Project object */;
			proxyType = 1;
			remoteGlobalIDString = 80091945242F0D07003AAE5B;
			remoteInfo = Restaurants;
		};
/* End PBXContainerItemProxy section */

/* Begin PBXFileReference section */
		80091946242F0D07003AAE5B /* Restaurants.app */ = {isa = PBXFileReference; explicitFileType = wrapper.application; includeInIndex = 0; path = Restaurants.app; sourceTree = BUILT_PRODUCTS_DIR; };
		80091949242F0D07003AAE5B /* AppDelegate.swift */ = {isa = PBXFileReference; lastKnownFileType = sourcecode.swift; path = AppDelegate.swift; sourceTree = "<group>"; };
		8009194B242F0D07003AAE5B /* HomeViewController.swift */ = {isa = PBXFileReference; lastKnownFileType = sourcecode.swift; path = HomeViewController.swift; sourceTree = "<group>"; };
		8009194E242F0D07003AAE5B /* Base */ = {isa = PBXFileReference; lastKnownFileType = file.storyboard; name = Base; path = Base.lproj/Main.storyboard; sourceTree = "<group>"; };
		80091950242F0D08003AAE5B /* Assets.xcassets */ = {isa = PBXFileReference; lastKnownFileType = folder.assetcatalog; path = Assets.xcassets; sourceTree = "<group>"; };
		80091953242F0D08003AAE5B /* Base */ = {isa = PBXFileReference; lastKnownFileType = file.storyboard; name = Base; path = Base.lproj/LaunchScreen.storyboard; sourceTree = "<group>"; };
		80091955242F0D08003AAE5B /* Info.plist */ = {isa = PBXFileReference; lastKnownFileType = text.plist.xml; path = Info.plist; sourceTree = "<group>"; };
		8009195A242F0D08003AAE5B /* RestaurantsTests.xctest */ = {isa = PBXFileReference; explicitFileType = wrapper.cfbundle; includeInIndex = 0; path = RestaurantsTests.xctest; sourceTree = BUILT_PRODUCTS_DIR; };
		8009195E242F0D08003AAE5B /* RestaurantsTests.swift */ = {isa = PBXFileReference; lastKnownFileType = sourcecode.swift; path = RestaurantsTests.swift; sourceTree = "<group>"; };
		80091960242F0D08003AAE5B /* Info.plist */ = {isa = PBXFileReference; lastKnownFileType = text.plist.xml; path = Info.plist; sourceTree = "<group>"; };
		8009196B242F7F23003AAE5B /* SearchViewController.swift */ = {isa = PBXFileReference; lastKnownFileType = sourcecode.swift; path = SearchViewController.swift; sourceTree = "<group>"; };
		80091972242F8930003AAE5B /* LocationSearchable.swift */ = {isa = PBXFileReference; lastKnownFileType = sourcecode.swift; path = LocationSearchable.swift; sourceTree = "<group>"; };
		80EA61AC24323013006420F7 /* UITableView+Extensions.swift */ = {isa = PBXFileReference; lastKnownFileType = sourcecode.swift; path = "UITableView+Extensions.swift"; sourceTree = "<group>"; };
		80EA61AF243235E9006420F7 /* ImageLoadManager.swift */ = {isa = PBXFileReference; lastKnownFileType = sourcecode.swift; path = ImageLoadManager.swift; sourceTree = "<group>"; };
		80EA61B124323632006420F7 /* ImageLoadOperation.swift */ = {isa = PBXFileReference; lastKnownFileType = sourcecode.swift; path = ImageLoadOperation.swift; sourceTree = "<group>"; };
		80EA61B3243236D8006420F7 /* String+Additions.swift */ = {isa = PBXFileReference; lastKnownFileType = sourcecode.swift; path = "String+Additions.swift"; sourceTree = "<group>"; };
		80EA61B62432382C006420F7 /* Bridge.h */ = {isa = PBXFileReference; lastKnownFileType = sourcecode.c.h; path = Bridge.h; sourceTree = "<group>"; };
		80EA61BA2432399A006420F7 /* UIImageView+Extensions.swift */ = {isa = PBXFileReference; lastKnownFileType = sourcecode.swift; path = "UIImageView+Extensions.swift"; sourceTree = "<group>"; };
		80EC126D2430704D00FD598E /* NibLoadables.swift */ = {isa = PBXFileReference; lastKnownFileType = sourcecode.swift; path = NibLoadables.swift; sourceTree = "<group>"; };
		80EC12702430726000FD598E /* LocationTableViewCell.swift */ = {isa = PBXFileReference; lastKnownFileType = sourcecode.swift; path = LocationTableViewCell.swift; sourceTree = "<group>"; };
		80EC12712430726000FD598E /* LocationTableViewCell.xib */ = {isa = PBXFileReference; lastKnownFileType = file.xib; path = LocationTableViewCell.xib; sourceTree = "<group>"; };
		80EC1274243074D200FD598E /* ViewBindable.swift */ = {isa = PBXFileReference; lastKnownFileType = sourcecode.swift; path = ViewBindable.swift; sourceTree = "<group>"; };
		80EC12772430767500FD598E /* MKMapItems+Extensions.swift */ = {isa = PBXFileReference; lastKnownFileType = sourcecode.swift; path = "MKMapItems+Extensions.swift"; sourceTree = "<group>"; };
		80EC12792430778A00FD598E /* BaseTableViewCell.swift */ = {isa = PBXFileReference; lastKnownFileType = sourcecode.swift; path = BaseTableViewCell.swift; sourceTree = "<group>"; };
		80EC127B243089B000FD598E /* CurrentLocationHeaderView.swift */ = {isa = PBXFileReference; lastKnownFileType = sourcecode.swift; path = CurrentLocationHeaderView.swift; sourceTree = "<group>"; };
		80EC127D243089C400FD598E /* CurrentLocationHeaderView.xib */ = {isa = PBXFileReference; lastKnownFileType = file.xib; path = CurrentLocationHeaderView.xib; sourceTree = "<group>"; };
		80EC128024308FF600FD598E /* LocationSearchViewModel.swift */ = {isa = PBXFileReference; lastKnownFileType = sourcecode.swift; path = LocationSearchViewModel.swift; sourceTree = "<group>"; };
		80EC12832430CB6900FD598E /* ZomatoViewModel.swift */ = {isa = PBXFileReference; lastKnownFileType = sourcecode.swift; path = ZomatoViewModel.swift; sourceTree = "<group>"; };
		80EC12862430CF3F00FD598E /* NearByRestaurantsResponse.swift */ = {isa = PBXFileReference; lastKnownFileType = sourcecode.swift; path = NearByRestaurantsResponse.swift; sourceTree = "<group>"; };
		80EC12882430D5FD00FD598E /* PageInfo.swift */ = {isa = PBXFileReference; lastKnownFileType = sourcecode.swift; path = PageInfo.swift; sourceTree = "<group>"; };
		80EC128A2430D6C700FD598E /* CollectionChange.swift */ = {isa = PBXFileReference; lastKnownFileType = sourcecode.swift; path = CollectionChange.swift; sourceTree = "<group>"; };
		80EC128D2430D9B600FD598E /* ApiManager.swift */ = {isa = PBXFileReference; lastKnownFileType = sourcecode.swift; path = ApiManager.swift; sourceTree = "<group>"; };
		80EC128F2430FC9A00FD598E /* RestaurantViewController.swift */ = {isa = PBXFileReference; lastKnownFileType = sourcecode.swift; path = RestaurantViewController.swift; sourceTree = "<group>"; };
		80EC12912431019800FD598E /* RestaurantTableViewCell.swift */ = {isa = PBXFileReference; lastKnownFileType = sourcecode.swift; path = RestaurantTableViewCell.swift; sourceTree = "<group>"; };
		80EC12922431019800FD598E /* RestaurantTableViewCell.xib */ = {isa = PBXFileReference; lastKnownFileType = file.xib; path = RestaurantTableViewCell.xib; sourceTree = "<group>"; };
/* End PBXFileReference section */

/* Begin PBXFrameworksBuildPhase section */
		80091943242F0D07003AAE5B /* Frameworks */ = {
			isa = PBXFrameworksBuildPhase;
			buildActionMask = 2147483647;
			files = (
			);
			runOnlyForDeploymentPostprocessing = 0;
		};
		80091957242F0D08003AAE5B /* Frameworks */ = {
			isa = PBXFrameworksBuildPhase;
			buildActionMask = 2147483647;
			files = (
			);
			runOnlyForDeploymentPostprocessing = 0;
		};
/* End PBXFrameworksBuildPhase section */

/* Begin PBXGroup section */
		8009193D242F0D07003AAE5B = {
			isa = PBXGroup;
			children = (
				80091948242F0D07003AAE5B /* Restaurants */,
				8009195D242F0D08003AAE5B /* RestaurantsTests */,
				80091947242F0D07003AAE5B /* Products */,
			);
			sourceTree = "<group>";
		};
		80091947242F0D07003AAE5B /* Products */ = {
			isa = PBXGroup;
			children = (
				80091946242F0D07003AAE5B /* Restaurants.app */,
				8009195A242F0D08003AAE5B /* RestaurantsTests.xctest */,
			);
			name = Products;
			sourceTree = "<group>";
		};
		80091948242F0D07003AAE5B /* Restaurants */ = {
			isa = PBXGroup;
			children = (
				80EA61AE243235CB006420F7 /* ImageDownloader */,
				80EC128C2430D9A300FD598E /* ApiManager */,
				80EC12852430CF1E00FD598E /* Models */,
				80EC12822430CB4800FD598E /* RestaurantSearch */,
				80EE5D27243379E9007F4994 /* HomeSearch */,
				80EC127F24308FDE00FD598E /* ViewModels */,
				80EC12762430763F00FD598E /* Extensions */,
				80091971242F890E003AAE5B /* Protocols */,
				80091949242F0D07003AAE5B /* AppDelegate.swift */,
				80091950242F0D08003AAE5B /* Assets.xcassets */,
				80091952242F0D08003AAE5B /* LaunchScreen.storyboard */,
				80091955242F0D08003AAE5B /* Info.plist */,
			);
			path = Restaurants;
			sourceTree = "<group>";
		};
		8009195D242F0D08003AAE5B /* RestaurantsTests */ = {
			isa = PBXGroup;
			children = (
				8009195E242F0D08003AAE5B /* RestaurantsTests.swift */,
				80091960242F0D08003AAE5B /* Info.plist */,
			);
			path = RestaurantsTests;
			sourceTree = "<group>";
		};
		80091971242F890E003AAE5B /* Protocols */ = {
			isa = PBXGroup;
			children = (
				80091972242F8930003AAE5B /* LocationSearchable.swift */,
				80EC126D2430704D00FD598E /* NibLoadables.swift */,
				80EC1274243074D200FD598E /* ViewBindable.swift */,
			);
			path = Protocols;
			sourceTree = "<group>";
		};
		80EA61AE243235CB006420F7 /* ImageDownloader */ = {
			isa = PBXGroup;
			children = (
				80EA61AF243235E9006420F7 /* ImageLoadManager.swift */,
				80EA61B62432382C006420F7 /* Bridge.h */,
				80EA61B124323632006420F7 /* ImageLoadOperation.swift */,
			);
			path = ImageDownloader;
			sourceTree = "<group>";
		};
		80EC126F2430724A00FD598E /* Cells */ = {
			isa = PBXGroup;
			children = (
				80EC12792430778A00FD598E /* BaseTableViewCell.swift */,
				80EC12702430726000FD598E /* LocationTableViewCell.swift */,
				80EC12712430726000FD598E /* LocationTableViewCell.xib */,
				80EC127B243089B000FD598E /* CurrentLocationHeaderView.swift */,
				80EC127D243089C400FD598E /* CurrentLocationHeaderView.xib */,
			);
			path = Cells;
			sourceTree = "<group>";
		};
		80EC12762430763F00FD598E /* Extensions */ = {
			isa = PBXGroup;
			children = (
				80EC12772430767500FD598E /* MKMapItems+Extensions.swift */,
				80EA61AC24323013006420F7 /* UITableView+Extensions.swift */,
				80EA61B3243236D8006420F7 /* String+Additions.swift */,
				80EA61BA2432399A006420F7 /* UIImageView+Extensions.swift */,
			);
			path = Extensions;
			sourceTree = "<group>";
		};
		80EC127F24308FDE00FD598E /* ViewModels */ = {
			isa = PBXGroup;
			children = (
				80EC128024308FF600FD598E /* LocationSearchViewModel.swift */,
			);
			path = ViewModels;
			sourceTree = "<group>";
		};
		80EC12822430CB4800FD598E /* RestaurantSearch */ = {
			isa = PBXGroup;
			children = (
				80EC12832430CB6900FD598E /* ZomatoViewModel.swift */,
				80EC128F2430FC9A00FD598E /* RestaurantViewController.swift */,
				80EC12912431019800FD598E /* RestaurantTableViewCell.swift */,
				80EC12922431019800FD598E /* RestaurantTableViewCell.xib */,
			);
			path = RestaurantSearch;
			sourceTree = "<group>";
		};
		80EC12852430CF1E00FD598E /* Models */ = {
			isa = PBXGroup;
			children = (
				80EC12862430CF3F00FD598E /* NearByRestaurantsResponse.swift */,
				80EC12882430D5FD00FD598E /* PageInfo.swift */,
				80EC128A2430D6C700FD598E /* CollectionChange.swift */,
			);
			path = Models;
			sourceTree = "<group>";
		};
		80EC128C2430D9A300FD598E /* ApiManager */ = {
			isa = PBXGroup;
			children = (
				80EC128D2430D9B600FD598E /* ApiManager.swift */,
			);
			path = ApiManager;
			sourceTree = "<group>";
		};
		80EE5D27243379E9007F4994 /* HomeSearch */ = {
			isa = PBXGroup;
			children = (
				8009194D242F0D07003AAE5B /* Main.storyboard */,
				8009196B242F7F23003AAE5B /* SearchViewController.swift */,
				8009194B242F0D07003AAE5B /* HomeViewController.swift */,
				80EC126F2430724A00FD598E /* Cells */,
			);
			path = HomeSearch;
			sourceTree = "<group>";
		};
/* End PBXGroup section */

/* Begin PBXNativeTarget section */
		80091945242F0D07003AAE5B /* Restaurants */ = {
			isa = PBXNativeTarget;
			buildConfigurationList = 80091963242F0D08003AAE5B /* Build configuration list for PBXNativeTarget "Restaurants" */;
			buildPhases = (
				80091942242F0D07003AAE5B /* Sources */,
				80091943242F0D07003AAE5B /* Frameworks */,
				80091944242F0D07003AAE5B /* Resources */,
			);
			buildRules = (
			);
			dependencies = (
			);
			name = Restaurants;
			productName = Restaurants;
			productReference = 80091946242F0D07003AAE5B /* Restaurants.app */;
			productType = "com.apple.product-type.application";
		};
		80091959242F0D08003AAE5B /* RestaurantsTests */ = {
			isa = PBXNativeTarget;
			buildConfigurationList = 80091966242F0D08003AAE5B /* Build configuration list for PBXNativeTarget "RestaurantsTests" */;
			buildPhases = (
				80091956242F0D08003AAE5B /* Sources */,
				80091957242F0D08003AAE5B /* Frameworks */,
				80091958242F0D08003AAE5B /* Resources */,
			);
			buildRules = (
			);
			dependencies = (
				8009195C242F0D08003AAE5B /* PBXTargetDependency */,
			);
			name = RestaurantsTests;
			productName = RestaurantsTests;
			productReference = 8009195A242F0D08003AAE5B /* RestaurantsTests.xctest */;
			productType = "com.apple.product-type.bundle.unit-test";
		};
/* End PBXNativeTarget section */

/* Begin PBXProject section */
		8009193E242F0D07003AAE5B /* Project object */ = {
			isa = PBXProject;
			attributes = {
				LastSwiftUpdateCheck = 1020;
				LastUpgradeCheck = 1020;
				ORGANIZATIONNAME = "Vivek Gupta";
				TargetAttributes = {
					80091945242F0D07003AAE5B = {
						CreatedOnToolsVersion = 10.2.1;
						LastSwiftMigration = 1020;
					};
					80091959242F0D08003AAE5B = {
						CreatedOnToolsVersion = 10.2.1;
						TestTargetID = 80091945242F0D07003AAE5B;
					};
				};
			};
			buildConfigurationList = 80091941242F0D07003AAE5B /* Build configuration list for PBXProject "Restaurants" */;
			compatibilityVersion = "Xcode 9.3";
			developmentRegion = en;
			hasScannedForEncodings = 0;
			knownRegions = (
				en,
				Base,
			);
			mainGroup = 8009193D242F0D07003AAE5B;
			productRefGroup = 80091947242F0D07003AAE5B /* Products */;
			projectDirPath = "";
			projectRoot = "";
			targets = (
				80091945242F0D07003AAE5B /* Restaurants */,
				80091959242F0D08003AAE5B /* RestaurantsTests */,
			);
		};
/* End PBXProject section */

/* Begin PBXResourcesBuildPhase section */
		80091944242F0D07003AAE5B /* Resources */ = {
			isa = PBXResourcesBuildPhase;
			buildActionMask = 2147483647;
			files = (
				80EC127E243089C400FD598E /* CurrentLocationHeaderView.xib in Resources */,
				80091954242F0D08003AAE5B /* LaunchScreen.storyboard in Resources */,
				80091951242F0D08003AAE5B /* Assets.xcassets in Resources */,
				8009194F242F0D07003AAE5B /* Main.storyboard in Resources */,
				80EC12942431019800FD598E /* RestaurantTableViewCell.xib in Resources */,
				80EC12732430726000FD598E /* LocationTableViewCell.xib in Resources */,
			);
			runOnlyForDeploymentPostprocessing = 0;
		};
		80091958242F0D08003AAE5B /* Resources */ = {
			isa = PBXResourcesBuildPhase;
			buildActionMask = 2147483647;
			files = (
			);
			runOnlyForDeploymentPostprocessing = 0;
		};
/* End PBXResourcesBuildPhase section */

/* Begin PBXSourcesBuildPhase section */
		80091942242F0D07003AAE5B /* Sources */ = {
			isa = PBXSourcesBuildPhase;
			buildActionMask = 2147483647;
			files = (
				80EC128E2430D9B600FD598E /* ApiManager.swift in Sources */,
				80EC12892430D5FD00FD598E /* PageInfo.swift in Sources */,
				8009196C242F7F23003AAE5B /* SearchViewController.swift in Sources */,
				80EC12872430CF3F00FD598E /* NearByRestaurantsResponse.swift in Sources */,
				80EC1275243074D200FD598E /* ViewBindable.swift in Sources */,
				80EC12722430726000FD598E /* LocationTableViewCell.swift in Sources */,
				80EC128124308FF600FD598E /* LocationSearchViewModel.swift in Sources */,
				80091973242F8930003AAE5B /* LocationSearchable.swift in Sources */,
				80EA61BB2432399A006420F7 /* UIImageView+Extensions.swift in Sources */,
				80EC12782430767500FD598E /* MKMapItems+Extensions.swift in Sources */,
				80EA61B224323632006420F7 /* ImageLoadOperation.swift in Sources */,
				80EA61B4243236D8006420F7 /* String+Additions.swift in Sources */,
				8009194C242F0D07003AAE5B /* HomeViewController.swift in Sources */,
				80EC12902430FC9A00FD598E /* RestaurantViewController.swift in Sources */,
				80EC127C243089B000FD598E /* CurrentLocationHeaderView.swift in Sources */,
				80EC128B2430D6C700FD598E /* CollectionChange.swift in Sources */,
				80EC126E2430704D00FD598E /* NibLoadables.swift in Sources */,
				80EC127A2430778A00FD598E /* BaseTableViewCell.swift in Sources */,
				80EA61AD24323013006420F7 /* UITableView+Extensions.swift in Sources */,
				80EC12842430CB6900FD598E /* ZomatoViewModel.swift in Sources */,
				80EC12932431019800FD598E /* RestaurantTableViewCell.swift in Sources */,
				8009194A242F0D07003AAE5B /* AppDelegate.swift in Sources */,
				80EA61B0243235E9006420F7 /* ImageLoadManager.swift in Sources */,
			);
			runOnlyForDeploymentPostprocessing = 0;
		};
		80091956242F0D08003AAE5B /* Sources */ = {
			isa = PBXSourcesBuildPhase;
			buildActionMask = 2147483647;
			files = (
				8009195F242F0D08003AAE5B /* RestaurantsTests.swift in Sources */,
			);
			runOnlyForDeploymentPostprocessing = 0;
		};
/* End PBXSourcesBuildPhase section */

/* Begin PBXTargetDependency section */
		8009195C242F0D08003AAE5B /* PBXTargetDependency */ = {
			isa = PBXTargetDependency;
			target = 80091945242F0D07003AAE5B /* Restaurants */;
			targetProxy = 8009195B242F0D08003AAE5B /* PBXContainerItemProxy */;
		};
/* End PBXTargetDependency section */

/* Begin PBXVariantGroup section */
		8009194D242F0D07003AAE5B /* Main.storyboard */ = {
			isa = PBXVariantGroup;
			children = (
				8009194E242F0D07003AAE5B /* Base */,
			);
			name = Main.storyboard;
			sourceTree = "<group>";
		};
		80091952242F0D08003AAE5B /* LaunchScreen.storyboard */ = {
			isa = PBXVariantGroup;
			children = (
				80091953242F0D08003AAE5B /* Base */,
			);
			name = LaunchScreen.storyboard;
			sourceTree = "<group>";
		};
/* End PBXVariantGroup section */

/* Begin XCBuildConfiguration section */
		80091961242F0D08003AAE5B /* Debug */ = {
			isa = XCBuildConfiguration;
			buildSettings = {
				ALWAYS_SEARCH_USER_PATHS = NO;
				CLANG_ANALYZER_NONNULL = YES;
				CLANG_ANALYZER_NUMBER_OBJECT_CONVERSION = YES_AGGRESSIVE;
				CLANG_CXX_LANGUAGE_STANDARD = "gnu++14";
				CLANG_CXX_LIBRARY = "libc++";
				CLANG_ENABLE_MODULES = YES;
				CLANG_ENABLE_OBJC_ARC = YES;
				CLANG_ENABLE_OBJC_WEAK = YES;
				CLANG_WARN_BLOCK_CAPTURE_AUTORELEASING = YES;
				CLANG_WARN_BOOL_CONVERSION = YES;
				CLANG_WARN_COMMA = YES;
				CLANG_WARN_CONSTANT_CONVERSION = YES;
				CLANG_WARN_DEPRECATED_OBJC_IMPLEMENTATIONS = YES;
				CLANG_WARN_DIRECT_OBJC_ISA_USAGE = YES_ERROR;
				CLANG_WARN_DOCUMENTATION_COMMENTS = YES;
				CLANG_WARN_EMPTY_BODY = YES;
				CLANG_WARN_ENUM_CONVERSION = YES;
				CLANG_WARN_INFINITE_RECURSION = YES;
				CLANG_WARN_INT_CONVERSION = YES;
				CLANG_WARN_NON_LITERAL_NULL_CONVERSION = YES;
				CLANG_WARN_OBJC_IMPLICIT_RETAIN_SELF = YES;
				CLANG_WARN_OBJC_LITERAL_CONVERSION = YES;
				CLANG_WARN_OBJC_ROOT_CLASS = YES_ERROR;
				CLANG_WARN_RANGE_LOOP_ANALYSIS = YES;
				CLANG_WARN_STRICT_PROTOTYPES = YES;
				CLANG_WARN_SUSPICIOUS_MOVE = YES;
				CLANG_WARN_UNGUARDED_AVAILABILITY = YES_AGGRESSIVE;
				CLANG_WARN_UNREACHABLE_CODE = YES;
				CLANG_WARN__DUPLICATE_METHOD_MATCH = YES;
				CODE_SIGN_IDENTITY = "iPhone Developer";
				COPY_PHASE_STRIP = NO;
				DEBUG_INFORMATION_FORMAT = dwarf;
				ENABLE_STRICT_OBJC_MSGSEND = YES;
				ENABLE_TESTABILITY = YES;
				GCC_C_LANGUAGE_STANDARD = gnu11;
				GCC_DYNAMIC_NO_PIC = NO;
				GCC_NO_COMMON_BLOCKS = YES;
				GCC_OPTIMIZATION_LEVEL = 0;
				GCC_PREPROCESSOR_DEFINITIONS = (
					"DEBUG=1",
					"$(inherited)",
				);
				GCC_WARN_64_TO_32_BIT_CONVERSION = YES;
				GCC_WARN_ABOUT_RETURN_TYPE = YES_ERROR;
				GCC_WARN_UNDECLARED_SELECTOR = YES;
				GCC_WARN_UNINITIALIZED_AUTOS = YES_AGGRESSIVE;
				GCC_WARN_UNUSED_FUNCTION = YES;
				GCC_WARN_UNUSED_VARIABLE = YES;
				IPHONEOS_DEPLOYMENT_TARGET = 12.2;
				MTL_ENABLE_DEBUG_INFO = INCLUDE_SOURCE;
				MTL_FAST_MATH = YES;
				ONLY_ACTIVE_ARCH = YES;
				SDKROOT = iphoneos;
				SWIFT_ACTIVE_COMPILATION_CONDITIONS = DEBUG;
				SWIFT_OPTIMIZATION_LEVEL = "-Onone";
			};
			name = Debug;
		};
		80091962242F0D08003AAE5B /* Release */ = {
			isa = XCBuildConfiguration;
			buildSettings = {
				ALWAYS_SEARCH_USER_PATHS = NO;
				CLANG_ANALYZER_NONNULL = YES;
				CLANG_ANALYZER_NUMBER_OBJECT_CONVERSION = YES_AGGRESSIVE;
				CLANG_CXX_LANGUAGE_STANDARD = "gnu++14";
				CLANG_CXX_LIBRARY = "libc++";
				CLANG_ENABLE_MODULES = YES;
				CLANG_ENABLE_OBJC_ARC = YES;
				CLANG_ENABLE_OBJC_WEAK = YES;
				CLANG_WARN_BLOCK_CAPTURE_AUTORELEASING = YES;
				CLANG_WARN_BOOL_CONVERSION = YES;
				CLANG_WARN_COMMA = YES;
				CLANG_WARN_CONSTANT_CONVERSION = YES;
				CLANG_WARN_DEPRECATED_OBJC_IMPLEMENTATIONS = YES;
				CLANG_WARN_DIRECT_OBJC_ISA_USAGE = YES_ERROR;
				CLANG_WARN_DOCUMENTATION_COMMENTS = YES;
				CLANG_WARN_EMPTY_BODY = YES;
				CLANG_WARN_ENUM_CONVERSION = YES;
				CLANG_WARN_INFINITE_RECURSION = YES;
				CLANG_WARN_INT_CONVERSION = YES;
				CLANG_WARN_NON_LITERAL_NULL_CONVERSION = YES;
				CLANG_WARN_OBJC_IMPLICIT_RETAIN_SELF = YES;
				CLANG_WARN_OBJC_LITERAL_CONVERSION = YES;
				CLANG_WARN_OBJC_ROOT_CLASS = YES_ERROR;
				CLANG_WARN_RANGE_LOOP_ANALYSIS = YES;
				CLANG_WARN_STRICT_PROTOTYPES = YES;
				CLANG_WARN_SUSPICIOUS_MOVE = YES;
				CLANG_WARN_UNGUARDED_AVAILABILITY = YES_AGGRESSIVE;
				CLANG_WARN_UNREACHABLE_CODE = YES;
				CLANG_WARN__DUPLICATE_METHOD_MATCH = YES;
				CODE_SIGN_IDENTITY = "iPhone Developer";
				COPY_PHASE_STRIP = NO;
				DEBUG_INFORMATION_FORMAT = "dwarf-with-dsym";
				ENABLE_NS_ASSERTIONS = NO;
				ENABLE_STRICT_OBJC_MSGSEND = YES;
				GCC_C_LANGUAGE_STANDARD = gnu11;
				GCC_NO_COMMON_BLOCKS = YES;
				GCC_WARN_64_TO_32_BIT_CONVERSION = YES;
				GCC_WARN_ABOUT_RETURN_TYPE = YES_ERROR;
				GCC_WARN_UNDECLARED_SELECTOR = YES;
				GCC_WARN_UNINITIALIZED_AUTOS = YES_AGGRESSIVE;
				GCC_WARN_UNUSED_FUNCTION = YES;
				GCC_WARN_UNUSED_VARIABLE = YES;
				IPHONEOS_DEPLOYMENT_TARGET = 12.2;
				MTL_ENABLE_DEBUG_INFO = NO;
				MTL_FAST_MATH = YES;
				SDKROOT = iphoneos;
				SWIFT_COMPILATION_MODE = wholemodule;
				SWIFT_OPTIMIZATION_LEVEL = "-O";
				VALIDATE_PRODUCT = YES;
			};
			name = Release;
		};
		80091964242F0D08003AAE5B /* Debug */ = {
			isa = XCBuildConfiguration;
			buildSettings = {
				ASSETCATALOG_COMPILER_APPICON_NAME = AppIcon;
				CLANG_ENABLE_MODULES = YES;
				CODE_SIGN_STYLE = Automatic;
				INFOPLIST_FILE = Restaurants/Info.plist;
				LD_RUNPATH_SEARCH_PATHS = (
					"$(inherited)",
					"@executable_path/Frameworks",
				);
				PRODUCT_BUNDLE_IDENTIFIER = com.raweng.sandbox;
				PRODUCT_NAME = "$(TARGET_NAME)";
				SWIFT_OBJC_BRIDGING_HEADER = Restaurants/ImageDownloader/Bridge.h;
				SWIFT_OPTIMIZATION_LEVEL = "-Onone";
				SWIFT_VERSION = 5.0;
				TARGETED_DEVICE_FAMILY = "1,2";
			};
			name = Debug;
		};
		80091965242F0D08003AAE5B /* Release */ = {
			isa = XCBuildConfiguration;
			buildSettings = {
				ASSETCATALOG_COMPILER_APPICON_NAME = AppIcon;
				CLANG_ENABLE_MODULES = YES;
				CODE_SIGN_STYLE = Automatic;
				INFOPLIST_FILE = Restaurants/Info.plist;
				LD_RUNPATH_SEARCH_PATHS = (
					"$(inherited)",
					"@executable_path/Frameworks",
				);
				PRODUCT_BUNDLE_IDENTIFIER = com.raweng.sandbox;
				PRODUCT_NAME = "$(TARGET_NAME)";
				SWIFT_OBJC_BRIDGING_HEADER = Restaurants/ImageDownloader/Bridge.h;
				SWIFT_VERSION = 5.0;
				TARGETED_DEVICE_FAMILY = "1,2";
			};
			name = Release;
		};
		80091967242F0D08003AAE5B /* Debug */ = {
			isa = XCBuildConfiguration;
			buildSettings = {
				ALWAYS_EMBED_SWIFT_STANDARD_LIBRARIES = YES;
				BUNDLE_LOADER = "$(TEST_HOST)";
				CODE_SIGN_STYLE = Automatic;
				INFOPLIST_FILE = RestaurantsTests/Info.plist;
				LD_RUNPATH_SEARCH_PATHS = (
					"$(inherited)",
					"@executable_path/Frameworks",
					"@loader_path/Frameworks",
				);
				PRODUCT_BUNDLE_IDENTIFIER = com.raweng.sandbox.RestaurantsTests;
				PRODUCT_NAME = "$(TARGET_NAME)";
				SWIFT_VERSION = 5.0;
				TARGETED_DEVICE_FAMILY = "1,2";
				TEST_HOST = "$(BUILT_PRODUCTS_DIR)/Restaurants.app/Restaurants";
			};
			name = Debug;
		};
		80091968242F0D08003AAE5B /* Release */ = {
			isa = XCBuildConfiguration;
			buildSettings = {
				ALWAYS_EMBED_SWIFT_STANDARD_LIBRARIES = YES;
				BUNDLE_LOADER = "$(TEST_HOST)";
				CODE_SIGN_STYLE = Automatic;
				INFOPLIST_FILE = RestaurantsTests/Info.plist;
				LD_RUNPATH_SEARCH_PATHS = (
					"$(inherited)",
					"@executable_path/Frameworks",
					"@loader_path/Frameworks",
				);
				PRODUCT_BUNDLE_IDENTIFIER = com.raweng.sandbox.RestaurantsTests;
				PRODUCT_NAME = "$(TARGET_NAME)";
				SWIFT_VERSION = 5.0;
				TARGETED_DEVICE_FAMILY = "1,2";
				TEST_HOST = "$(BUILT_PRODUCTS_DIR)/Restaurants.app/Restaurants";
			};
			name = Release;
		};
/* End XCBuildConfiguration section */

/* Begin XCConfigurationList section */
		80091941242F0D07003AAE5B /* Build configuration list for PBXProject "Restaurants" */ = {
			isa = XCConfigurationList;
			buildConfigurations = (
				80091961242F0D08003AAE5B /* Debug */,
				80091962242F0D08003AAE5B /* Release */,
			);
			defaultConfigurationIsVisible = 0;
			defaultConfigurationName = Release;
		};
		80091963242F0D08003AAE5B /* Build configuration list for PBXNativeTarget "Restaurants" */ = {
			isa = XCConfigurationList;
			buildConfigurations = (
				80091964242F0D08003AAE5B /* Debug */,
				80091965242F0D08003AAE5B /* Release */,
			);
			defaultConfigurationIsVisible = 0;
			defaultConfigurationName = Release;
		};
		80091966242F0D08003AAE5B /* Build configuration list for PBXNativeTarget "RestaurantsTests" */ = {
			isa = XCConfigurationList;
			buildConfigurations = (
				80091967242F0D08003AAE5B /* Debug */,
				80091968242F0D08003AAE5B /* Release */,
			);
			defaultConfigurationIsVisible = 0;
			defaultConfigurationName = Release;
		};
/* End XCConfigurationList section */
	};
	rootObject = 8009193E242F0D07003AAE5B /* Project object */;
}
